
Microsoft Visual Studio Solution File, Format Version 12.00
# Visual Studio Version 16
VisualStudioVersion = 16.0.30114.105
MinimumVisualStudioVersion = 10.0.40219.1
Project("{FAE04EC0-301F-11D3-BF4B-00C04F79EFBC}") = "DL_Speakcore_Code_Challenge", "DL_Speakcore_Code_Challenge\DL_Speakcore_Code_Challenge.csproj", "{584097CE-2BC8-40B9-B465-E00DD7C06262}"
EndProject
Project("{FAE04EC0-301F-11D3-BF4B-00C04F79EFBC}") = "Speakcore.Data", "Speakcore.Data\Speakcore.Data.csproj", "{3CCFF532-64EE-4E62-98AB-8AB9C69423A8}"
EndProject
Project("{FAE04EC0-301F-11D3-BF4B-00C04F79EFBC}") = "Speakcore.Logic", "Speakcore.Logic\Speakcore.Logic.csproj", "{57AA6764-61BF-425E-B62D-3DCA8E113F62}"
EndProject
Global
	GlobalSection(SolutionConfigurationPlatforms) = preSolution
		Debug|Any CPU = Debug|Any CPU
		Release|Any CPU = Release|Any CPU
	EndGlobalSection
	GlobalSection(ProjectConfigurationPlatforms) = postSolution
		{584097CE-2BC8-40B9-B465-E00DD7C06262}.Debug|Any CPU.ActiveCfg = Debug|Any CPU
		{584097CE-2BC8-40B9-B465-E00DD7C06262}.Debug|Any CPU.Build.0 = Debug|Any CPU
		{584097CE-2BC8-40B9-B465-E00DD7C06262}.Release|Any CPU.ActiveCfg = Release|Any CPU
		{584097CE-2BC8-40B9-B465-E00DD7C06262}.Release|Any CPU.Build.0 = Release|Any CPU
		{3CCFF532-64EE-4E62-98AB-8AB9C69423A8}.Debug|Any CPU.ActiveCfg = Debug|Any CPU
		{3CCFF532-64EE-4E62-98AB-8AB9C69423A8}.Debug|Any CPU.Build.0 = Debug|Any CPU
		{3CCFF532-64EE-4E62-98AB-8AB9C69423A8}.Release|Any CPU.ActiveCfg = Release|Any CPU
		{3CCFF532-64EE-4E62-98AB-8AB9C69423A8}.Release|Any CPU.Build.0 = Release|Any CPU
		{57AA6764-61BF-425E-B62D-3DCA8E113F62}.Debug|Any CPU.ActiveCfg = Debug|Any CPU
		{57AA6764-61BF-425E-B62D-3DCA8E113F62}.Debug|Any CPU.Build.0 = Debug|Any CPU
		{57AA6764-61BF-425E-B62D-3DCA8E113F62}.Release|Any CPU.ActiveCfg = Release|Any CPU
		{57AA6764-61BF-425E-B62D-3DCA8E113F62}.Release|Any CPU.Build.0 = Release|Any CPU
	EndGlobalSection
	GlobalSection(SolutionProperties) = preSolution
		HideSolutionNode = FALSE
	EndGlobalSection
	GlobalSection(ExtensibilityGlobals) = postSolution
		SolutionGuid = {2D357CBF-7B4F-4461-9EB6-C6F5F7FBD82B}
	EndGlobalSection
EndGlobal
